
Microsoft Visual Studio Solution File, Format Version 12.00
# Visual Studio Version 16
VisualStudioVersion = 16.0.30523.141
MinimumVisualStudioVersion = 10.0.40219.1
Project("{8BC9CEB8-8B4A-11D0-8D11-00A0C91BC942}") = "Yravnenie", "Yravnenie\Yravnenie.vcxproj", "{EFE8DBCB-2F5B-484E-A1D2-86E1E57B32AD}"
EndProject
Global
	GlobalSection(SolutionConfigurationPlatforms) = preSolution
		Debug|x64 = Debug|x64
		Debug|x86 = Debug|x86
		Release|x64 = Release|x64
		Release|x86 = Release|x86
	EndGlobalSection
	GlobalSection(ProjectConfigurationPlatforms) = postSolution
		{EFE8DBCB-2F5B-484E-A1D2-86E1E57B32AD}.Debug|x64.ActiveCfg = Debug|x64
		{EFE8DBCB-2F5B-484E-A1D2-86E1E57B32AD}.Debug|x64.Build.0 = Debug|x64
		{EFE8DBCB-2F5B-484E-A1D2-86E1E57B32AD}.Debug|x86.ActiveCfg = Debug|Win32
		{EFE8DBCB-2F5B-484E-A1D2-86E1E57B32AD}.Debug|x86.Build.0 = Debug|Win32
		{EFE8DBCB-2F5B-484E-A1D2-86E1E57B32AD}.Release|x64.ActiveCfg = Release|x64
		{EFE8DBCB-2F5B-484E-A1D2-86E1E57B32AD}.Release|x64.Build.0 = Release|x64
		{EFE8DBCB-2F5B-484E-A1D2-86E1E57B32AD}.Release|x86.ActiveCfg = Release|Win32
		{EFE8DBCB-2F5B-484E-A1D2-86E1E57B32AD}.Release|x86.Build.0 = Release|Win32
	EndGlobalSection
	GlobalSection(SolutionProperties) = preSolution
		HideSolutionNode = FALSE
	EndGlobalSection
	GlobalSection(ExtensibilityGlobals) = postSolution
		SolutionGuid = {91DD322A-26EC-455C-B9A2-0DD619C3F422}
	EndGlobalSection
EndGlobal
